
Microsoft Visual Studio Solution File, Format Version 12.00
# Visual Studio Version 17
VisualStudioVersion = 17.12.35707.178
MinimumVisualStudioVersion = 10.0.40219.1
Project("{FAE04EC0-301F-11D3-BF4B-00C04F79EFBC}") = "Models", "Models\Models.csproj", "{EB18EE7B-E582-4F6B-9FE2-C93AF99F2ECA}"
EndProject
Project("{FAE04EC0-301F-11D3-BF4B-00C04F79EFBC}") = "DataAccess", "DataAccess\DataAccess.csproj", "{B960541D-C7CA-41C8-8F77-1F9FE44DD181}"
EndProject
Project("{FAE04EC0-301F-11D3-BF4B-00C04F79EFBC}") = "BusinessLogic", "BusinessLogic\BusinessLogic.csproj", "{0DE9FE02-00CA-495D-A19E-061D92C594D6}"
EndProject
Project("{FAE04EC0-301F-11D3-BF4B-00C04F79EFBC}") = "Server", "Server\Server.csproj", "{3A1C016D-ECE2-4F07-836B-0929648BFF68}"
EndProject
Project("{FAE04EC0-301F-11D3-BF4B-00C04F79EFBC}") = "WinClient", "WinClient\WinClient.csproj", "{5B707443-1BE8-49C0-A259-43F64AEC374E}"
EndProject
Project("{FAE04EC0-301F-11D3-BF4B-00C04F79EFBC}") = "InfoDis", "InfoDis\InfoDis.csproj", "{967A192C-521E-495D-89BB-532BBD485C05}"
EndProject
Global
	GlobalSection(SolutionConfigurationPlatforms) = preSolution
		Debug|Any CPU = Debug|Any CPU
		Release|Any CPU = Release|Any CPU
	EndGlobalSection
	GlobalSection(ProjectConfigurationPlatforms) = postSolution
		{EB18EE7B-E582-4F6B-9FE2-C93AF99F2ECA}.Debug|Any CPU.ActiveCfg = Debug|Any CPU
		{EB18EE7B-E582-4F6B-9FE2-C93AF99F2ECA}.Debug|Any CPU.Build.0 = Debug|Any CPU
		{EB18EE7B-E582-4F6B-9FE2-C93AF99F2ECA}.Release|Any CPU.ActiveCfg = Release|Any CPU
		{EB18EE7B-E582-4F6B-9FE2-C93AF99F2ECA}.Release|Any CPU.Build.0 = Release|Any CPU
		{B960541D-C7CA-41C8-8F77-1F9FE44DD181}.Debug|Any CPU.ActiveCfg = Debug|Any CPU
		{B960541D-C7CA-41C8-8F77-1F9FE44DD181}.Debug|Any CPU.Build.0 = Debug|Any CPU
		{B960541D-C7CA-41C8-8F77-1F9FE44DD181}.Release|Any CPU.ActiveCfg = Release|Any CPU
		{B960541D-C7CA-41C8-8F77-1F9FE44DD181}.Release|Any CPU.Build.0 = Release|Any CPU
		{0DE9FE02-00CA-495D-A19E-061D92C594D6}.Debug|Any CPU.ActiveCfg = Debug|Any CPU
		{0DE9FE02-00CA-495D-A19E-061D92C594D6}.Debug|Any CPU.Build.0 = Debug|Any CPU
		{0DE9FE02-00CA-495D-A19E-061D92C594D6}.Release|Any CPU.ActiveCfg = Release|Any CPU
		{0DE9FE02-00CA-495D-A19E-061D92C594D6}.Release|Any CPU.Build.0 = Release|Any CPU
		{3A1C016D-ECE2-4F07-836B-0929648BFF68}.Debug|Any CPU.ActiveCfg = Debug|Any CPU
		{3A1C016D-ECE2-4F07-836B-0929648BFF68}.Debug|Any CPU.Build.0 = Debug|Any CPU
		{3A1C016D-ECE2-4F07-836B-0929648BFF68}.Release|Any CPU.ActiveCfg = Release|Any CPU
		{3A1C016D-ECE2-4F07-836B-0929648BFF68}.Release|Any CPU.Build.0 = Release|Any CPU
		{5B707443-1BE8-49C0-A259-43F64AEC374E}.Debug|Any CPU.ActiveCfg = Debug|Any CPU
		{5B707443-1BE8-49C0-A259-43F64AEC374E}.Debug|Any CPU.Build.0 = Debug|Any CPU
		{5B707443-1BE8-49C0-A259-43F64AEC374E}.Release|Any CPU.ActiveCfg = Release|Any CPU
		{5B707443-1BE8-49C0-A259-43F64AEC374E}.Release|Any CPU.Build.0 = Release|Any CPU
		{967A192C-521E-495D-89BB-532BBD485C05}.Debug|Any CPU.ActiveCfg = Debug|Any CPU
		{967A192C-521E-495D-89BB-532BBD485C05}.Debug|Any CPU.Build.0 = Debug|Any CPU
		{967A192C-521E-495D-89BB-532BBD485C05}.Release|Any CPU.ActiveCfg = Release|Any CPU
		{967A192C-521E-495D-89BB-532BBD485C05}.Release|Any CPU.Build.0 = Release|Any CPU
	EndGlobalSection
	GlobalSection(SolutionProperties) = preSolution
		HideSolutionNode = FALSE
	EndGlobalSection
EndGlobal
